
Microsoft Visual Studio Solution File, Format Version 12.00
# Visual Studio 2013
VisualStudioVersion = 12.0.21005.1
MinimumVisualStudioVersion = 10.0.40219.1
Project("{8BC9CEB8-8B4A-11D0-8D11-00A0C91BC942}") = "4.16", "4.16\4.16.vcxproj", "{70A8B6A1-6EFC-42D0-A575-8F5EB7ACBCD6}"
EndProject
Global
	GlobalSection(SolutionConfigurationPlatforms) = preSolution
		Debug|Win32 = Debug|Win32
		Release|Win32 = Release|Win32
	EndGlobalSection
	GlobalSection(ProjectConfigurationPlatforms) = postSolution
		{70A8B6A1-6EFC-42D0-A575-8F5EB7ACBCD6}.Debug|Win32.ActiveCfg = Debug|Win32
		{70A8B6A1-6EFC-42D0-A575-8F5EB7ACBCD6}.Debug|Win32.Build.0 = Debug|Win32
		{70A8B6A1-6EFC-42D0-A575-8F5EB7ACBCD6}.Release|Win32.ActiveCfg = Release|Win32
		{70A8B6A1-6EFC-42D0-A575-8F5EB7ACBCD6}.Release|Win32.Build.0 = Release|Win32
	EndGlobalSection
	GlobalSection(SolutionProperties) = preSolution
		HideSolutionNode = FALSE
	EndGlobalSection
EndGlobal
